
Microsoft Visual Studio Solution File, Format Version 12.00
# Visual Studio Version 17
VisualStudioVersion = 17.3.32819.101
MinimumVisualStudioVersion = 10.0.40219.1
Project("{9A19103F-16F7-4668-BE54-9A1E7A4F7556}") = "Limq.Core", "Limq.Core\Limq.Core.csproj", "{D32957AB-0834-4138-AD0B-77555194ECAA}"
EndProject
Project("{2150E333-8FDC-42A3-9474-1A3956D46DE8}") = "Solution Items", "Solution Items", "{23A39A41-427F-498F-809F-073EF7301761}"
	ProjectSection(SolutionItems) = preProject
		.editorconfig = .editorconfig
	EndProjectSection
EndProject
Project("{9A19103F-16F7-4668-BE54-9A1E7A4F7556}") = "Limq.Persistence", "Limq.Persistence\Limq.Persistence.csproj", "{C764A3D6-E6F3-419E-A4C4-D51B2727BEBC}"
EndProject
Project("{9A19103F-16F7-4668-BE54-9A1E7A4F7556}") = "Limq.Api", "Limq.Api\Limq.Api.csproj", "{6927E6E8-E896-4633-9245-45335E8CE62E}"
EndProject
Project("{9A19103F-16F7-4668-BE54-9A1E7A4F7556}") = "Limq.Infastructure", "Limq.Infastructure\Limq.Infastructure.csproj", "{7F7C6FBA-1C41-4C4E-B443-4455121F1338}"
EndProject
Project("{9A19103F-16F7-4668-BE54-9A1E7A4F7556}") = "Limq.Application", "Limq.Application\Limq.Application.csproj", "{EA770C4A-BF33-466F-9090-1A50FD1C563F}"
EndProject
Global
	GlobalSection(SolutionConfigurationPlatforms) = preSolution
		Debug|Any CPU = Debug|Any CPU
		Debug|x64 = Debug|x64
		Debug|x86 = Debug|x86
		Release|Any CPU = Release|Any CPU
		Release|x64 = Release|x64
		Release|x86 = Release|x86
	EndGlobalSection
	GlobalSection(ProjectConfigurationPlatforms) = postSolution
		{D32957AB-0834-4138-AD0B-77555194ECAA}.Debug|Any CPU.ActiveCfg = Debug|Any CPU
		{D32957AB-0834-4138-AD0B-77555194ECAA}.Debug|Any CPU.Build.0 = Debug|Any CPU
		{D32957AB-0834-4138-AD0B-77555194ECAA}.Debug|x64.ActiveCfg = Debug|Any CPU
		{D32957AB-0834-4138-AD0B-77555194ECAA}.Debug|x64.Build.0 = Debug|Any CPU
		{D32957AB-0834-4138-AD0B-77555194ECAA}.Debug|x86.ActiveCfg = Debug|Any CPU
		{D32957AB-0834-4138-AD0B-77555194ECAA}.Debug|x86.Build.0 = Debug|Any CPU
		{D32957AB-0834-4138-AD0B-77555194ECAA}.Release|Any CPU.ActiveCfg = Release|Any CPU
		{D32957AB-0834-4138-AD0B-77555194ECAA}.Release|Any CPU.Build.0 = Release|Any CPU
		{D32957AB-0834-4138-AD0B-77555194ECAA}.Release|x64.ActiveCfg = Release|Any CPU
		{D32957AB-0834-4138-AD0B-77555194ECAA}.Release|x64.Build.0 = Release|Any CPU
		{D32957AB-0834-4138-AD0B-77555194ECAA}.Release|x86.ActiveCfg = Release|Any CPU
		{D32957AB-0834-4138-AD0B-77555194ECAA}.Release|x86.Build.0 = Release|Any CPU
		{C764A3D6-E6F3-419E-A4C4-D51B2727BEBC}.Debug|Any CPU.ActiveCfg = Debug|Any CPU
		{C764A3D6-E6F3-419E-A4C4-D51B2727BEBC}.Debug|Any CPU.Build.0 = Debug|Any CPU
		{C764A3D6-E6F3-419E-A4C4-D51B2727BEBC}.Debug|x64.ActiveCfg = Debug|Any CPU
		{C764A3D6-E6F3-419E-A4C4-D51B2727BEBC}.Debug|x64.Build.0 = Debug|Any CPU
		{C764A3D6-E6F3-419E-A4C4-D51B2727BEBC}.Debug|x86.ActiveCfg = Debug|Any CPU
		{C764A3D6-E6F3-419E-A4C4-D51B2727BEBC}.Debug|x86.Build.0 = Debug|Any CPU
		{C764A3D6-E6F3-419E-A4C4-D51B2727BEBC}.Release|Any CPU.ActiveCfg = Release|Any CPU
		{C764A3D6-E6F3-419E-A4C4-D51B2727BEBC}.Release|Any CPU.Build.0 = Release|Any CPU
		{C764A3D6-E6F3-419E-A4C4-D51B2727BEBC}.Release|x64.ActiveCfg = Release|Any CPU
		{C764A3D6-E6F3-419E-A4C4-D51B2727BEBC}.Release|x64.Build.0 = Release|Any CPU
		{C764A3D6-E6F3-419E-A4C4-D51B2727BEBC}.Release|x86.ActiveCfg = Release|Any CPU
		{C764A3D6-E6F3-419E-A4C4-D51B2727BEBC}.Release|x86.Build.0 = Release|Any CPU
		{6927E6E8-E896-4633-9245-45335E8CE62E}.Debug|Any CPU.ActiveCfg = Debug|Any CPU
		{6927E6E8-E896-4633-9245-45335E8CE62E}.Debug|Any CPU.Build.0 = Debug|Any CPU
		{6927E6E8-E896-4633-9245-45335E8CE62E}.Debug|x64.ActiveCfg = Debug|Any CPU
		{6927E6E8-E896-4633-9245-45335E8CE62E}.Debug|x64.Build.0 = Debug|Any CPU
		{6927E6E8-E896-4633-9245-45335E8CE62E}.Debug|x86.ActiveCfg = Debug|Any CPU
		{6927E6E8-E896-4633-9245-45335E8CE62E}.Debug|x86.Build.0 = Debug|Any CPU
		{6927E6E8-E896-4633-9245-45335E8CE62E}.Release|Any CPU.ActiveCfg = Release|Any CPU
		{6927E6E8-E896-4633-9245-45335E8CE62E}.Release|Any CPU.Build.0 = Release|Any CPU
		{6927E6E8-E896-4633-9245-45335E8CE62E}.Release|x64.ActiveCfg = Release|Any CPU
		{6927E6E8-E896-4633-9245-45335E8CE62E}.Release|x64.Build.0 = Release|Any CPU
		{6927E6E8-E896-4633-9245-45335E8CE62E}.Release|x86.ActiveCfg = Release|Any CPU
		{6927E6E8-E896-4633-9245-45335E8CE62E}.Release|x86.Build.0 = Release|Any CPU
		{7F7C6FBA-1C41-4C4E-B443-4455121F1338}.Debug|Any CPU.ActiveCfg = Debug|Any CPU
		{7F7C6FBA-1C41-4C4E-B443-4455121F1338}.Debug|Any CPU.Build.0 = Debug|Any CPU
		{7F7C6FBA-1C41-4C4E-B443-4455121F1338}.Debug|x64.ActiveCfg = Debug|Any CPU
		{7F7C6FBA-1C41-4C4E-B443-4455121F1338}.Debug|x64.Build.0 = Debug|Any CPU
		{7F7C6FBA-1C41-4C4E-B443-4455121F1338}.Debug|x86.ActiveCfg = Debug|Any CPU
		{7F7C6FBA-1C41-4C4E-B443-4455121F1338}.Debug|x86.Build.0 = Debug|Any CPU
		{7F7C6FBA-1C41-4C4E-B443-4455121F1338}.Release|Any CPU.ActiveCfg = Release|Any CPU
		{7F7C6FBA-1C41-4C4E-B443-4455121F1338}.Release|Any CPU.Build.0 = Release|Any CPU
		{7F7C6FBA-1C41-4C4E-B443-4455121F1338}.Release|x64.ActiveCfg = Release|Any CPU
		{7F7C6FBA-1C41-4C4E-B443-4455121F1338}.Release|x64.Build.0 = Release|Any CPU
		{7F7C6FBA-1C41-4C4E-B443-4455121F1338}.Release|x86.ActiveCfg = Release|Any CPU
		{7F7C6FBA-1C41-4C4E-B443-4455121F1338}.Release|x86.Build.0 = Release|Any CPU
		{EA770C4A-BF33-466F-9090-1A50FD1C563F}.Debug|Any CPU.ActiveCfg = Debug|Any CPU
		{EA770C4A-BF33-466F-9090-1A50FD1C563F}.Debug|Any CPU.Build.0 = Debug|Any CPU
		{EA770C4A-BF33-466F-9090-1A50FD1C563F}.Debug|x64.ActiveCfg = Debug|Any CPU
		{EA770C4A-BF33-466F-9090-1A50FD1C563F}.Debug|x64.Build.0 = Debug|Any CPU
		{EA770C4A-BF33-466F-9090-1A50FD1C563F}.Debug|x86.ActiveCfg = Debug|Any CPU
		{EA770C4A-BF33-466F-9090-1A50FD1C563F}.Debug|x86.Build.0 = Debug|Any CPU
		{EA770C4A-BF33-466F-9090-1A50FD1C563F}.Release|Any CPU.ActiveCfg = Release|Any CPU
		{EA770C4A-BF33-466F-9090-1A50FD1C563F}.Release|Any CPU.Build.0 = Release|Any CPU
		{EA770C4A-BF33-466F-9090-1A50FD1C563F}.Release|x64.ActiveCfg = Release|Any CPU
		{EA770C4A-BF33-466F-9090-1A50FD1C563F}.Release|x64.Build.0 = Release|Any CPU
		{EA770C4A-BF33-466F-9090-1A50FD1C563F}.Release|x86.ActiveCfg = Release|Any CPU
		{EA770C4A-BF33-466F-9090-1A50FD1C563F}.Release|x86.Build.0 = Release|Any CPU
	EndGlobalSection
	GlobalSection(SolutionProperties) = preSolution
		HideSolutionNode = FALSE
	EndGlobalSection
	GlobalSection(ExtensibilityGlobals) = postSolution
		SolutionGuid = {BC92730D-FD01-45DC-8CC9-9DB2BBEA8532}
	EndGlobalSection
EndGlobal
